
Microsoft Visual Studio Solution File, Format Version 12.00
# Visual Studio 15
VisualStudioVersion = 15.0.26228.9
MinimumVisualStudioVersion = 10.0.40219.1
Project("{9A19103F-16F7-4668-BE54-9A1E7A4F7556}") = "PoliticalPurse.Web", "PoliticalPurse.Web\PoliticalPurse.Web.csproj", "{83A0668D-7B14-4B92-8B24-50BA6BED856E}"
EndProject
Project("{2150E333-8FDC-42A3-9474-1A3956D46DE8}") = "root", "root", "{CFF56032-F9AF-4430-9C27-6242232B164C}"
EndProject
Project("{E53339B2-1760-4266-BCC7-CA923CBCF16C}") = "docker-compose", "docker-compose.dcproj", "{BA92170D-E69C-415E-A3DA-6C6ACF318BB6}"
EndProject
Global
	GlobalSection(SolutionConfigurationPlatforms) = preSolution
		Debug|Any CPU = Debug|Any CPU
		Release|Any CPU = Release|Any CPU
	EndGlobalSection
	GlobalSection(ProjectConfigurationPlatforms) = postSolution
		{83A0668D-7B14-4B92-8B24-50BA6BED856E}.Debug|Any CPU.ActiveCfg = Debug|Any CPU
		{83A0668D-7B14-4B92-8B24-50BA6BED856E}.Debug|Any CPU.Build.0 = Debug|Any CPU
		{83A0668D-7B14-4B92-8B24-50BA6BED856E}.Release|Any CPU.ActiveCfg = Release|Any CPU
		{83A0668D-7B14-4B92-8B24-50BA6BED856E}.Release|Any CPU.Build.0 = Release|Any CPU
		{BA92170D-E69C-415E-A3DA-6C6ACF318BB6}.Debug|Any CPU.ActiveCfg = Debug|Any CPU
		{BA92170D-E69C-415E-A3DA-6C6ACF318BB6}.Debug|Any CPU.Build.0 = Debug|Any CPU
		{BA92170D-E69C-415E-A3DA-6C6ACF318BB6}.Release|Any CPU.ActiveCfg = Release|Any CPU
		{BA92170D-E69C-415E-A3DA-6C6ACF318BB6}.Release|Any CPU.Build.0 = Release|Any CPU
	EndGlobalSection
	GlobalSection(SolutionProperties) = preSolution
		HideSolutionNode = FALSE
	EndGlobalSection
EndGlobal
